// !$*UTF8*$!
{
	archiveVersion = 1;
	classes = {
	};
	objectVersion = 52;
	objects = {

/* Begin PBXBuildFile section */
		03002506256DBBA3001E793E /* SearchBar.swift in Sources */ = {isa = PBXBuildFile; fileRef = 03002505256DBBA3001E793E /* SearchBar.swift */; };
		031F52B8256C9CBF001BA0B4 /* Storage.swift in Sources */ = {isa = PBXBuildFile; fileRef = 031F52B7256C9CBF001BA0B4 /* Storage.swift */; };
		0333E9E4256822A900F83229 /* AppDelegate.swift in Sources */ = {isa = PBXBuildFile; fileRef = 0333E9E3256822A900F83229 /* AppDelegate.swift */; };
		0333E9E6256822A900F83229 /* SceneDelegate.swift in Sources */ = {isa = PBXBuildFile; fileRef = 0333E9E5256822A900F83229 /* SceneDelegate.swift */; };
		0333E9E8256822A900F83229 /* ContentView.swift in Sources */ = {isa = PBXBuildFile; fileRef = 0333E9E7256822A900F83229 /* ContentView.swift */; };
		0333E9EA256822AB00F83229 /* Assets.xcassets in Resources */ = {isa = PBXBuildFile; fileRef = 0333E9E9256822AB00F83229 /* Assets.xcassets */; };
		0333E9ED256822AB00F83229 /* Preview Assets.xcassets in Resources */ = {isa = PBXBuildFile; fileRef = 0333E9EC256822AB00F83229 /* Preview Assets.xcassets */; };
		0333E9F0256822AB00F83229 /* LaunchScreen.storyboard in Resources */ = {isa = PBXBuildFile; fileRef = 0333E9EE256822AB00F83229 /* LaunchScreen.storyboard */; };
		0333E9FB256822AB00F83229 /* Felipe_s_CartTests.swift in Sources */ = {isa = PBXBuildFile; fileRef = 0333E9FA256822AB00F83229 /* Felipe_s_CartTests.swift */; };
		0333EA06256822AB00F83229 /* Felipe_s_CartUITests.swift in Sources */ = {isa = PBXBuildFile; fileRef = 0333EA05256822AB00F83229 /* Felipe_s_CartUITests.swift */; };
		0341B5DA256825AB00B50558 /* Moya in Frameworks */ = {isa = PBXBuildFile; productRef = 0341B5D9256825AB00B50558 /* Moya */; };
		0341B5DC256825AB00B50558 /* ReactiveMoya in Frameworks */ = {isa = PBXBuildFile; productRef = 0341B5DB256825AB00B50558 /* ReactiveMoya */; };
		0341B5DE256825AB00B50558 /* RxMoya in Frameworks */ = {isa = PBXBuildFile; productRef = 0341B5DD256825AB00B50558 /* RxMoya */; };
		0341B5EA2568261900B50558 /* RSRequest.swift in Sources */ = {isa = PBXBuildFile; fileRef = 0341B5E92568261900B50558 /* RSRequest.swift */; };
		0341B5F125682B3C00B50558 /* ListScreenController.swift in Sources */ = {isa = PBXBuildFile; fileRef = 0341B5F025682B3C00B50558 /* ListScreenController.swift */; };
		0341B5F925682CA200B50558 /* RSService.swift in Sources */ = {isa = PBXBuildFile; fileRef = 0341B5F825682CA200B50558 /* RSService.swift */; };
		0341B600256A14F100B50558 /* DetailsScreenController.swift in Sources */ = {isa = PBXBuildFile; fileRef = 0341B5FF256A14F100B50558 /* DetailsScreenController.swift */; };
		0341B608256A168000B50558 /* DetailsScreen.swift in Sources */ = {isa = PBXBuildFile; fileRef = 0341B607256A168000B50558 /* DetailsScreen.swift */; };
		0341B60E256A1CE000B50558 /* LazyView.swift in Sources */ = {isa = PBXBuildFile; fileRef = 0341B60D256A1CE000B50558 /* LazyView.swift */; };
		0341B617256A22EC00B50558 /* DataRequestStatus.swift in Sources */ = {isa = PBXBuildFile; fileRef = 0341B616256A22EC00B50558 /* DataRequestStatus.swift */; };
		0341B61F256A253500B50558 /* Errors.swift in Sources */ = {isa = PBXBuildFile; fileRef = 0341B61E256A253500B50558 /* Errors.swift */; };
		0341B625256A285E00B50558 /* MoyaErrorToCustomError.swift in Sources */ = {isa = PBXBuildFile; fileRef = 0341B624256A285E00B50558 /* MoyaErrorToCustomError.swift */; };
		0385C014256B1AC100ED2F91 /* RSListData.swift in Sources */ = {isa = PBXBuildFile; fileRef = 0385C013256B1AC100ED2F91 /* RSListData.swift */; };
		0385C019256B1D2A00ED2F91 /* Location.swift in Sources */ = {isa = PBXBuildFile; fileRef = 0385C018256B1D2A00ED2F91 /* Location.swift */; };
		0385C02A256B801A00ED2F91 /* README.md in Resources */ = {isa = PBXBuildFile; fileRef = 0385C029256B801A00ED2F91 /* README.md */; };
		03C34B4D256D98FA0095FFBB /* RLDetailData.swift in Sources */ = {isa = PBXBuildFile; fileRef = 03C34B4C256D98FA0095FFBB /* RLDetailData.swift */; };
		03C34B58256DA5010095FFBB /* RequestsDataSamples.swift in Sources */ = {isa = PBXBuildFile; fileRef = 03C34B57256DA5010095FFBB /* RequestsDataSamples.swift */; };
/* End PBXBuildFile section */

/* Begin PBXContainerItemProxy section */
		0333E9F7256822AB00F83229 /* PBXContainerItemProxy */ = {
			isa = PBXContainerItemProxy;
			containerPortal = 0333E9D8256822A900F83229 /* Project object */;
			proxyType = 1;
			remoteGlobalIDString = 0333E9DF256822A900F83229;
			remoteInfo = "Felipe's Cart";
		};
		0333EA02256822AB00F83229 /* PBXContainerItemProxy */ = {
			isa = PBXContainerItemProxy;
			containerPortal = 0333E9D8256822A900F83229 /* Project object */;
			proxyType = 1;
			remoteGlobalIDString = 0333E9DF256822A900F83229;
			remoteInfo = "Felipe's Cart";
		};
/* End PBXContainerItemProxy section */

/* Begin PBXFileReference section */
		03002505256DBBA3001E793E /* SearchBar.swift */ = {isa = PBXFileReference; lastKnownFileType = sourcecode.swift; path = SearchBar.swift; sourceTree = "<group>"; };
		031F52B7256C9CBF001BA0B4 /* Storage.swift */ = {isa = PBXFileReference; lastKnownFileType = sourcecode.swift; path = Storage.swift; sourceTree = "<group>"; };
		0333E9E0256822A900F83229 /* Felipe's Cart.app */ = {isa = PBXFileReference; explicitFileType = wrapper.application; includeInIndex = 0; path = "Felipe's Cart.app"; sourceTree = BUILT_PRODUCTS_DIR; };
		0333E9E3256822A900F83229 /* AppDelegate.swift */ = {isa = PBXFileReference; lastKnownFileType = sourcecode.swift; path = AppDelegate.swift; sourceTree = "<group>"; };
		0333E9E5256822A900F83229 /* SceneDelegate.swift */ = {isa = PBXFileReference; lastKnownFileType = sourcecode.swift; path = SceneDelegate.swift; sourceTree = "<group>"; };
		0333E9E7256822A900F83229 /* ContentView.swift */ = {isa = PBXFileReference; lastKnownFileType = sourcecode.swift; path = ContentView.swift; sourceTree = "<group>"; };
		0333E9E9256822AB00F83229 /* Assets.xcassets */ = {isa = PBXFileReference; lastKnownFileType = folder.assetcatalog; path = Assets.xcassets; sourceTree = "<group>"; };
		0333E9EC256822AB00F83229 /* Preview Assets.xcassets */ = {isa = PBXFileReference; lastKnownFileType = folder.assetcatalog; path = "Preview Assets.xcassets"; sourceTree = "<group>"; };
		0333E9EF256822AB00F83229 /* Base */ = {isa = PBXFileReference; lastKnownFileType = file.storyboard; name = Base; path = Base.lproj/LaunchScreen.storyboard; sourceTree = "<group>"; };
		0333E9F1256822AB00F83229 /* Info.plist */ = {isa = PBXFileReference; lastKnownFileType = text.plist.xml; path = Info.plist; sourceTree = "<group>"; };
		0333E9F6256822AB00F83229 /* Felipe's CartTests.xctest */ = {isa = PBXFileReference; explicitFileType = wrapper.cfbundle; includeInIndex = 0; path = "Felipe's CartTests.xctest"; sourceTree = BUILT_PRODUCTS_DIR; };
		0333E9FA256822AB00F83229 /* Felipe_s_CartTests.swift */ = {isa = PBXFileReference; lastKnownFileType = sourcecode.swift; path = Felipe_s_CartTests.swift; sourceTree = "<group>"; };
		0333E9FC256822AB00F83229 /* Info.plist */ = {isa = PBXFileReference; lastKnownFileType = text.plist.xml; path = Info.plist; sourceTree = "<group>"; };
		0333EA01256822AB00F83229 /* Felipe's CartUITests.xctest */ = {isa = PBXFileReference; explicitFileType = wrapper.cfbundle; includeInIndex = 0; path = "Felipe's CartUITests.xctest"; sourceTree = BUILT_PRODUCTS_DIR; };
		0333EA05256822AB00F83229 /* Felipe_s_CartUITests.swift */ = {isa = PBXFileReference; lastKnownFileType = sourcecode.swift; path = Felipe_s_CartUITests.swift; sourceTree = "<group>"; };
		0333EA07256822AB00F83229 /* Info.plist */ = {isa = PBXFileReference; lastKnownFileType = text.plist.xml; path = Info.plist; sourceTree = "<group>"; };
		0341B5E92568261900B50558 /* RSRequest.swift */ = {isa = PBXFileReference; lastKnownFileType = sourcecode.swift; path = RSRequest.swift; sourceTree = "<group>"; };
		0341B5F025682B3C00B50558 /* ListScreenController.swift */ = {isa = PBXFileReference; lastKnownFileType = sourcecode.swift; path = ListScreenController.swift; sourceTree = "<group>"; };
		0341B5F825682CA200B50558 /* RSService.swift */ = {isa = PBXFileReference; lastKnownFileType = sourcecode.swift; path = RSService.swift; sourceTree = "<group>"; };
		0341B5FF256A14F100B50558 /* DetailsScreenController.swift */ = {isa = PBXFileReference; lastKnownFileType = sourcecode.swift; path = DetailsScreenController.swift; sourceTree = "<group>"; };
		0341B607256A168000B50558 /* DetailsScreen.swift */ = {isa = PBXFileReference; lastKnownFileType = sourcecode.swift; path = DetailsScreen.swift; sourceTree = "<group>"; };
		0341B60D256A1CE000B50558 /* LazyView.swift */ = {isa = PBXFileReference; lastKnownFileType = sourcecode.swift; path = LazyView.swift; sourceTree = "<group>"; };
		0341B616256A22EC00B50558 /* DataRequestStatus.swift */ = {isa = PBXFileReference; lastKnownFileType = sourcecode.swift; path = DataRequestStatus.swift; sourceTree = "<group>"; };
		0341B61E256A253500B50558 /* Errors.swift */ = {isa = PBXFileReference; lastKnownFileType = sourcecode.swift; path = Errors.swift; sourceTree = "<group>"; };
		0341B624256A285E00B50558 /* MoyaErrorToCustomError.swift */ = {isa = PBXFileReference; lastKnownFileType = sourcecode.swift; path = MoyaErrorToCustomError.swift; sourceTree = "<group>"; };
		0385C013256B1AC100ED2F91 /* RSListData.swift */ = {isa = PBXFileReference; lastKnownFileType = sourcecode.swift; path = RSListData.swift; sourceTree = "<group>"; };
		0385C018256B1D2A00ED2F91 /* Location.swift */ = {isa = PBXFileReference; lastKnownFileType = sourcecode.swift; path = Location.swift; sourceTree = "<group>"; };
		0385C029256B801A00ED2F91 /* README.md */ = {isa = PBXFileReference; lastKnownFileType = net.daringfireball.markdown; path = README.md; sourceTree = "<group>"; };
		03C34B4C256D98FA0095FFBB /* RLDetailData.swift */ = {isa = PBXFileReference; lastKnownFileType = sourcecode.swift; path = RLDetailData.swift; sourceTree = "<group>"; };
		03C34B57256DA5010095FFBB /* RequestsDataSamples.swift */ = {isa = PBXFileReference; lastKnownFileType = sourcecode.swift; path = RequestsDataSamples.swift; sourceTree = "<group>"; };
/* End PBXFileReference section */

/* Begin PBXFrameworksBuildPhase section */
		0333E9DD256822A900F83229 /* Frameworks */ = {
			isa = PBXFrameworksBuildPhase;
			buildActionMask = 2147483647;
			files = (
				0341B5DE256825AB00B50558 /* RxMoya in Frameworks */,
				0341B5DA256825AB00B50558 /* Moya in Frameworks */,
				0341B5DC256825AB00B50558 /* ReactiveMoya in Frameworks */,
			);
			runOnlyForDeploymentPostprocessing = 0;
		};
		0333E9F3256822AB00F83229 /* Frameworks */ = {
			isa = PBXFrameworksBuildPhase;
			buildActionMask = 2147483647;
			files = (
			);
			runOnlyForDeploymentPostprocessing = 0;
		};
		0333E9FE256822AB00F83229 /* Frameworks */ = {
			isa = PBXFrameworksBuildPhase;
			buildActionMask = 2147483647;
			files = (
			);
			runOnlyForDeploymentPostprocessing = 0;
		};
/* End PBXFrameworksBuildPhase section */

/* Begin PBXGroup section */
		0333E9D7256822A900F83229 = {
			isa = PBXGroup;
			children = (
				0385C029256B801A00ED2F91 /* README.md */,
				0333E9E2256822A900F83229 /* Felipe's Cart */,
				0333E9F9256822AB00F83229 /* Felipe's CartTests */,
				0333EA04256822AB00F83229 /* Felipe's CartUITests */,
				0333E9E1256822A900F83229 /* Products */,
			);
			sourceTree = "<group>";
		};
		0333E9E1256822A900F83229 /* Products */ = {
			isa = PBXGroup;
			children = (
				0333E9E0256822A900F83229 /* Felipe's Cart.app */,
				0333E9F6256822AB00F83229 /* Felipe's CartTests.xctest */,
				0333EA01256822AB00F83229 /* Felipe's CartUITests.xctest */,
			);
			name = Products;
			sourceTree = "<group>";
		};
		0333E9E2256822A900F83229 /* Felipe's Cart */ = {
			isa = PBXGroup;
			children = (
				0385C004256B0ED300ED2F91 /* Models */,
				0341B623256A284C00B50558 /* Utils */,
				0341B615256A22CC00B50558 /* Enums */,
				0341B5EE25682B1900B50558 /* Views */,
				0341B5E2256825D500B50558 /* Services */,
				0333E9E3256822A900F83229 /* AppDelegate.swift */,
				0333E9E5256822A900F83229 /* SceneDelegate.swift */,
				0333E9E7256822A900F83229 /* ContentView.swift */,
				0333E9E9256822AB00F83229 /* Assets.xcassets */,
				0333E9EE256822AB00F83229 /* LaunchScreen.storyboard */,
				0333E9F1256822AB00F83229 /* Info.plist */,
				0333E9EB256822AB00F83229 /* Preview Content */,
			);
			path = "Felipe's Cart";
			sourceTree = "<group>";
		};
		0333E9EB256822AB00F83229 /* Preview Content */ = {
			isa = PBXGroup;
			children = (
				0333E9EC256822AB00F83229 /* Preview Assets.xcassets */,
			);
			path = "Preview Content";
			sourceTree = "<group>";
		};
		0333E9F9256822AB00F83229 /* Felipe's CartTests */ = {
			isa = PBXGroup;
			children = (
				0333E9FA256822AB00F83229 /* Felipe_s_CartTests.swift */,
				0333E9FC256822AB00F83229 /* Info.plist */,
			);
			path = "Felipe's CartTests";
			sourceTree = "<group>";
		};
		0333EA04256822AB00F83229 /* Felipe's CartUITests */ = {
			isa = PBXGroup;
			children = (
				0333EA05256822AB00F83229 /* Felipe_s_CartUITests.swift */,
				0333EA07256822AB00F83229 /* Info.plist */,
			);
			path = "Felipe's CartUITests";
			sourceTree = "<group>";
		};
		0341B5E2256825D500B50558 /* Services */ = {
			isa = PBXGroup;
			children = (
				03C34B57256DA5010095FFBB /* RequestsDataSamples.swift */,
				0341B5E92568261900B50558 /* RSRequest.swift */,
				0341B5F825682CA200B50558 /* RSService.swift */,
				031F52B7256C9CBF001BA0B4 /* Storage.swift */,
			);
			path = Services;
			sourceTree = "<group>";
		};
		0341B5EE25682B1900B50558 /* Views */ = {
			isa = PBXGroup;
			children = (
				0341B60C256A1CCB00B50558 /* Common */,
				0341B5FE256A14DB00B50558 /* Details Screen */,
				0341B5EF25682B2100B50558 /* List Screen */,
			);
			path = Views;
			sourceTree = "<group>";
		};
		0341B5EF25682B2100B50558 /* List Screen */ = {
			isa = PBXGroup;
			children = (
				0341B5F025682B3C00B50558 /* ListScreenController.swift */,
			);
			path = "List Screen";
			sourceTree = "<group>";
		};
		0341B5FE256A14DB00B50558 /* Details Screen */ = {
			isa = PBXGroup;
			children = (
				0341B5FF256A14F100B50558 /* DetailsScreenController.swift */,
				0341B607256A168000B50558 /* DetailsScreen.swift */,
			);
			path = "Details Screen";
			sourceTree = "<group>";
		};
		0341B60C256A1CCB00B50558 /* Common */ = {
			isa = PBXGroup;
			children = (
				0341B60D256A1CE000B50558 /* LazyView.swift */,
				03002505256DBBA3001E793E /* SearchBar.swift */,
			);
			path = Common;
			sourceTree = "<group>";
		};
		0341B615256A22CC00B50558 /* Enums */ = {
			isa = PBXGroup;
			children = (
				0341B616256A22EC00B50558 /* DataRequestStatus.swift */,
				0341B61E256A253500B50558 /* Errors.swift */,
			);
			path = Enums;
			sourceTree = "<group>";
		};
		0341B623256A284C00B50558 /* Utils */ = {
			isa = PBXGroup;
			children = (
				0341B624256A285E00B50558 /* MoyaErrorToCustomError.swift */,
				0385C018256B1D2A00ED2F91 /* Location.swift */,
			);
			path = Utils;
			sourceTree = "<group>";
		};
		0385C004256B0ED300ED2F91 /* Models */ = {
			isa = PBXGroup;
			children = (
				0385C013256B1AC100ED2F91 /* RSListData.swift */,
				03C34B4C256D98FA0095FFBB /* RLDetailData.swift */,
			);
			path = Models;
			sourceTree = "<group>";
		};
/* End PBXGroup section */

/* Begin PBXNativeTarget section */
		0333E9DF256822A900F83229 /* Felipe's Cart */ = {
			isa = PBXNativeTarget;
			buildConfigurationList = 0333EA0A256822AB00F83229 /* Build configuration list for PBXNativeTarget "Felipe's Cart" */;
			buildPhases = (
				0333E9DC256822A900F83229 /* Sources */,
				0333E9DD256822A900F83229 /* Frameworks */,
				0333E9DE256822A900F83229 /* Resources */,
			);
			buildRules = (
			);
			dependencies = (
			);
			name = "Felipe's Cart";
			packageProductDependencies = (
				0341B5D9256825AB00B50558 /* Moya */,
				0341B5DB256825AB00B50558 /* ReactiveMoya */,
				0341B5DD256825AB00B50558 /* RxMoya */,
			);
			productName = "Felipe's Cart";
			productReference = 0333E9E0256822A900F83229 /* Felipe's Cart.app */;
			productType = "com.apple.product-type.application";
		};
		0333E9F5256822AB00F83229 /* Felipe's CartTests */ = {
			isa = PBXNativeTarget;
			buildConfigurationList = 0333EA0D256822AB00F83229 /* Build configuration list for PBXNativeTarget "Felipe's CartTests" */;
			buildPhases = (
				0333E9F2256822AB00F83229 /* Sources */,
				0333E9F3256822AB00F83229 /* Frameworks */,
				0333E9F4256822AB00F83229 /* Resources */,
			);
			buildRules = (
			);
			dependencies = (
				0333E9F8256822AB00F83229 /* PBXTargetDependency */,
			);
			name = "Felipe's CartTests";
			productName = "Felipe's CartTests";
			productReference = 0333E9F6256822AB00F83229 /* Felipe's CartTests.xctest */;
			productType = "com.apple.product-type.bundle.unit-test";
		};
		0333EA00256822AB00F83229 /* Felipe's CartUITests */ = {
			isa = PBXNativeTarget;
			buildConfigurationList = 0333EA10256822AB00F83229 /* Build configuration list for PBXNativeTarget "Felipe's CartUITests" */;
			buildPhases = (
				0333E9FD256822AB00F83229 /* Sources */,
				0333E9FE256822AB00F83229 /* Frameworks */,
				0333E9FF256822AB00F83229 /* Resources */,
			);
			buildRules = (
			);
			dependencies = (
				0333EA03256822AB00F83229 /* PBXTargetDependency */,
			);
			name = "Felipe's CartUITests";
			productName = "Felipe's CartUITests";
			productReference = 0333EA01256822AB00F83229 /* Felipe's CartUITests.xctest */;
			productType = "com.apple.product-type.bundle.ui-testing";
		};
/* End PBXNativeTarget section */

/* Begin PBXProject section */
		0333E9D8256822A900F83229 /* Project object */ = {
			isa = PBXProject;
			attributes = {
				LastSwiftUpdateCheck = 1220;
				LastUpgradeCheck = 1220;
				TargetAttributes = {
					0333E9DF256822A900F83229 = {
						CreatedOnToolsVersion = 12.2;
					};
					0333E9F5256822AB00F83229 = {
						CreatedOnToolsVersion = 12.2;
						TestTargetID = 0333E9DF256822A900F83229;
					};
					0333EA00256822AB00F83229 = {
						CreatedOnToolsVersion = 12.2;
						TestTargetID = 0333E9DF256822A900F83229;
					};
				};
			};
			buildConfigurationList = 0333E9DB256822A900F83229 /* Build configuration list for PBXProject "Felipe's Cart" */;
			compatibilityVersion = "Xcode 9.3";
			developmentRegion = en;
			hasScannedForEncodings = 0;
			knownRegions = (
				en,
				Base,
			);
			mainGroup = 0333E9D7256822A900F83229;
			packageReferences = (
				0341B5D8256825AB00B50558 /* XCRemoteSwiftPackageReference "Moya" */,
			);
			productRefGroup = 0333E9E1256822A900F83229 /* Products */;
			projectDirPath = "";
			projectRoot = "";
			targets = (
				0333E9DF256822A900F83229 /* Felipe's Cart */,
				0333E9F5256822AB00F83229 /* Felipe's CartTests */,
				0333EA00256822AB00F83229 /* Felipe's CartUITests */,
			);
		};
/* End PBXProject section */

/* Begin PBXResourcesBuildPhase section */
		0333E9DE256822A900F83229 /* Resources */ = {
			isa = PBXResourcesBuildPhase;
			buildActionMask = 2147483647;
			files = (
				0333E9F0256822AB00F83229 /* LaunchScreen.storyboard in Resources */,
				0333E9ED256822AB00F83229 /* Preview Assets.xcassets in Resources */,
				0385C02A256B801A00ED2F91 /* README.md in Resources */,
				0333E9EA256822AB00F83229 /* Assets.xcassets in Resources */,
			);
			runOnlyForDeploymentPostprocessing = 0;
		};
		0333E9F4256822AB00F83229 /* Resources */ = {
			isa = PBXResourcesBuildPhase;
			buildActionMask = 2147483647;
			files = (
			);
			runOnlyForDeploymentPostprocessing = 0;
		};
		0333E9FF256822AB00F83229 /* Resources */ = {
			isa = PBXResourcesBuildPhase;
			buildActionMask = 2147483647;
			files = (
			);
			runOnlyForDeploymentPostprocessing = 0;
		};
/* End PBXResourcesBuildPhase section */

/* Begin PBXSourcesBuildPhase section */
		0333E9DC256822A900F83229 /* Sources */ = {
			isa = PBXSourcesBuildPhase;
			buildActionMask = 2147483647;
			files = (
				0333E9E4256822A900F83229 /* AppDelegate.swift in Sources */,
				0341B5F125682B3C00B50558 /* ListScreenController.swift in Sources */,
				0341B600256A14F100B50558 /* DetailsScreenController.swift in Sources */,
				03C34B58256DA5010095FFBB /* RequestsDataSamples.swift in Sources */,
				0333E9E6256822A900F83229 /* SceneDelegate.swift in Sources */,
				03002506256DBBA3001E793E /* SearchBar.swift in Sources */,
				0341B608256A168000B50558 /* DetailsScreen.swift in Sources */,
				0341B617256A22EC00B50558 /* DataRequestStatus.swift in Sources */,
				0385C019256B1D2A00ED2F91 /* Location.swift in Sources */,
				0333E9E8256822A900F83229 /* ContentView.swift in Sources */,
				03C34B4D256D98FA0095FFBB /* RLDetailData.swift in Sources */,
				031F52B8256C9CBF001BA0B4 /* Storage.swift in Sources */,
				0385C014256B1AC100ED2F91 /* RSListData.swift in Sources */,
				0341B625256A285E00B50558 /* MoyaErrorToCustomError.swift in Sources */,
				0341B61F256A253500B50558 /* Errors.swift in Sources */,
				0341B60E256A1CE000B50558 /* LazyView.swift in Sources */,
				0341B5EA2568261900B50558 /* RSRequest.swift in Sources */,
				0341B5F925682CA200B50558 /* RSService.swift in Sources */,
			);
			runOnlyForDeploymentPostprocessing = 0;
		};
		0333E9F2256822AB00F83229 /* Sources */ = {
			isa = PBXSourcesBuildPhase;
			buildActionMask = 2147483647;
			files = (
				0333E9FB256822AB00F83229 /* Felipe_s_CartTests.swift in Sources */,
			);
			runOnlyForDeploymentPostprocessing = 0;
		};
		0333E9FD256822AB00F83229 /* Sources */ = {
			isa = PBXSourcesBuildPhase;
			buildActionMask = 2147483647;
			files = (
				0333EA06256822AB00F83229 /* Felipe_s_CartUITests.swift in Sources */,
			);
			runOnlyForDeploymentPostprocessing = 0;
		};
/* End PBXSourcesBuildPhase section */

/* Begin PBXTargetDependency section */
		0333E9F8256822AB00F83229 /* PBXTargetDependency */ = {
			isa = PBXTargetDependency;
			target = 0333E9DF256822A900F83229 /* Felipe's Cart */;
			targetProxy = 0333E9F7256822AB00F83229 /* PBXContainerItemProxy */;
		};
		0333EA03256822AB00F83229 /* PBXTargetDependency */ = {
			isa = PBXTargetDependency;
			target = 0333E9DF256822A900F83229 /* Felipe's Cart */;
			targetProxy = 0333EA02256822AB00F83229 /* PBXContainerItemProxy */;
		};
/* End PBXTargetDependency section */

/* Begin PBXVariantGroup section */
		0333E9EE256822AB00F83229 /* LaunchScreen.storyboard */ = {
			isa = PBXVariantGroup;
			children = (
				0333E9EF256822AB00F83229 /* Base */,
			);
			name = LaunchScreen.storyboard;
			sourceTree = "<group>";
		};
/* End PBXVariantGroup section */

/* Begin XCBuildConfiguration section */
		0333EA08256822AB00F83229 /* Debug */ = {
			isa = XCBuildConfiguration;
			buildSettings = {
				ALWAYS_SEARCH_USER_PATHS = NO;
				CLANG_ANALYZER_NONNULL = YES;
				CLANG_ANALYZER_NUMBER_OBJECT_CONVERSION = YES_AGGRESSIVE;
				CLANG_CXX_LANGUAGE_STANDARD = "gnu++14";
				CLANG_CXX_LIBRARY = "libc++";
				CLANG_ENABLE_MODULES = YES;
				CLANG_ENABLE_OBJC_ARC = YES;
				CLANG_ENABLE_OBJC_WEAK = YES;
				CLANG_WARN_BLOCK_CAPTURE_AUTORELEASING = YES;
				CLANG_WARN_BOOL_CONVERSION = YES;
				CLANG_WARN_COMMA = YES;
				CLANG_WARN_CONSTANT_CONVERSION = YES;
				CLANG_WARN_DEPRECATED_OBJC_IMPLEMENTATIONS = YES;
				CLANG_WARN_DIRECT_OBJC_ISA_USAGE = YES_ERROR;
				CLANG_WARN_DOCUMENTATION_COMMENTS = YES;
				CLANG_WARN_EMPTY_BODY = YES;
				CLANG_WARN_ENUM_CONVERSION = YES;
				CLANG_WARN_INFINITE_RECURSION = YES;
				CLANG_WARN_INT_CONVERSION = YES;
				CLANG_WARN_NON_LITERAL_NULL_CONVERSION = YES;
				CLANG_WARN_OBJC_IMPLICIT_RETAIN_SELF = YES;
				CLANG_WARN_OBJC_LITERAL_CONVERSION = YES;
				CLANG_WARN_OBJC_ROOT_CLASS = YES_ERROR;
				CLANG_WARN_QUOTED_INCLUDE_IN_FRAMEWORK_HEADER = YES;
				CLANG_WARN_RANGE_LOOP_ANALYSIS = YES;
				CLANG_WARN_STRICT_PROTOTYPES = YES;
				CLANG_WARN_SUSPICIOUS_MOVE = YES;
				CLANG_WARN_UNGUARDED_AVAILABILITY = YES_AGGRESSIVE;
				CLANG_WARN_UNREACHABLE_CODE = YES;
				CLANG_WARN__DUPLICATE_METHOD_MATCH = YES;
				COPY_PHASE_STRIP = NO;
				DEBUG_INFORMATION_FORMAT = dwarf;
				ENABLE_STRICT_OBJC_MSGSEND = YES;
				ENABLE_TESTABILITY = YES;
				GCC_C_LANGUAGE_STANDARD = gnu11;
				GCC_DYNAMIC_NO_PIC = NO;
				GCC_NO_COMMON_BLOCKS = YES;
				GCC_OPTIMIZATION_LEVEL = 0;
				GCC_PREPROCESSOR_DEFINITIONS = (
					"DEBUG=1",
					"$(inherited)",
				);
				GCC_WARN_64_TO_32_BIT_CONVERSION = YES;
				GCC_WARN_ABOUT_RETURN_TYPE = YES_ERROR;
				GCC_WARN_UNDECLARED_SELECTOR = YES;
				GCC_WARN_UNINITIALIZED_AUTOS = YES_AGGRESSIVE;
				GCC_WARN_UNUSED_FUNCTION = YES;
				GCC_WARN_UNUSED_VARIABLE = YES;
				IPHONEOS_DEPLOYMENT_TARGET = 14.2;
				MTL_ENABLE_DEBUG_INFO = INCLUDE_SOURCE;
				MTL_FAST_MATH = YES;
				ONLY_ACTIVE_ARCH = YES;
				SDKROOT = iphoneos;
				SWIFT_ACTIVE_COMPILATION_CONDITIONS = DEBUG;
				SWIFT_OPTIMIZATION_LEVEL = "-Onone";
			};
			name = Debug;
		};
		0333EA09256822AB00F83229 /* Release */ = {
			isa = XCBuildConfiguration;
			buildSettings = {
				ALWAYS_SEARCH_USER_PATHS = NO;
				CLANG_ANALYZER_NONNULL = YES;
				CLANG_ANALYZER_NUMBER_OBJECT_CONVERSION = YES_AGGRESSIVE;
				CLANG_CXX_LANGUAGE_STANDARD = "gnu++14";
				CLANG_CXX_LIBRARY = "libc++";
				CLANG_ENABLE_MODULES = YES;
				CLANG_ENABLE_OBJC_ARC = YES;
				CLANG_ENABLE_OBJC_WEAK = YES;
				CLANG_WARN_BLOCK_CAPTURE_AUTORELEASING = YES;
				CLANG_WARN_BOOL_CONVERSION = YES;
				CLANG_WARN_COMMA = YES;
				CLANG_WARN_CONSTANT_CONVERSION = YES;
				CLANG_WARN_DEPRECATED_OBJC_IMPLEMENTATIONS = YES;
				CLANG_WARN_DIRECT_OBJC_ISA_USAGE = YES_ERROR;
				CLANG_WARN_DOCUMENTATION_COMMENTS = YES;
				CLANG_WARN_EMPTY_BODY = YES;
				CLANG_WARN_ENUM_CONVERSION = YES;
				CLANG_WARN_INFINITE_RECURSION = YES;
				CLANG_WARN_INT_CONVERSION = YES;
				CLANG_WARN_NON_LITERAL_NULL_CONVERSION = YES;
				CLANG_WARN_OBJC_IMPLICIT_RETAIN_SELF = YES;
				CLANG_WARN_OBJC_LITERAL_CONVERSION = YES;
				CLANG_WARN_OBJC_ROOT_CLASS = YES_ERROR;
				CLANG_WARN_QUOTED_INCLUDE_IN_FRAMEWORK_HEADER = YES;
				CLANG_WARN_RANGE_LOOP_ANALYSIS = YES;
				CLANG_WARN_STRICT_PROTOTYPES = YES;
				CLANG_WARN_SUSPICIOUS_MOVE = YES;
				CLANG_WARN_UNGUARDED_AVAILABILITY = YES_AGGRESSIVE;
				CLANG_WARN_UNREACHABLE_CODE = YES;
				CLANG_WARN__DUPLICATE_METHOD_MATCH = YES;
				COPY_PHASE_STRIP = NO;
				DEBUG_INFORMATION_FORMAT = "dwarf-with-dsym";
				ENABLE_NS_ASSERTIONS = NO;
				ENABLE_STRICT_OBJC_MSGSEND = YES;
				GCC_C_LANGUAGE_STANDARD = gnu11;
				GCC_NO_COMMON_BLOCKS = YES;
				GCC_WARN_64_TO_32_BIT_CONVERSION = YES;
				GCC_WARN_ABOUT_RETURN_TYPE = YES_ERROR;
				GCC_WARN_UNDECLARED_SELECTOR = YES;
				GCC_WARN_UNINITIALIZED_AUTOS = YES_AGGRESSIVE;
				GCC_WARN_UNUSED_FUNCTION = YES;
				GCC_WARN_UNUSED_VARIABLE = YES;
				IPHONEOS_DEPLOYMENT_TARGET = 14.2;
				MTL_ENABLE_DEBUG_INFO = NO;
				MTL_FAST_MATH = YES;
				SDKROOT = iphoneos;
				SWIFT_COMPILATION_MODE = wholemodule;
				SWIFT_OPTIMIZATION_LEVEL = "-O";
				VALIDATE_PRODUCT = YES;
			};
			name = Release;
		};
		0333EA0B256822AB00F83229 /* Debug */ = {
			isa = XCBuildConfiguration;
			buildSettings = {
				ASSETCATALOG_COMPILER_APPICON_NAME = AppIcon;
				ASSETCATALOG_COMPILER_GLOBAL_ACCENT_COLOR_NAME = AccentColor;
				CODE_SIGN_STYLE = Automatic;
				DEVELOPMENT_ASSET_PATHS = "\"Felipe's Cart/Preview Content\"";
				DEVELOPMENT_TEAM = 5D66GV6LYZ;
				ENABLE_PREVIEWS = YES;
				INFOPLIST_FILE = "Felipe's Cart/Info.plist";
				LD_RUNPATH_SEARCH_PATHS = (
					"$(inherited)",
					"@executable_path/Frameworks",
				);
				PRODUCT_BUNDLE_IDENTIFIER = "com.rockspoon.felipe.Felipe-s-Cart";
				PRODUCT_NAME = "$(TARGET_NAME)";
				SWIFT_VERSION = 5.0;
				TARGETED_DEVICE_FAMILY = "1,2";
			};
			name = Debug;
		};
		0333EA0C256822AB00F83229 /* Release */ = {
			isa = XCBuildConfiguration;
			buildSettings = {
				ASSETCATALOG_COMPILER_APPICON_NAME = AppIcon;
				ASSETCATALOG_COMPILER_GLOBAL_ACCENT_COLOR_NAME = AccentColor;
				CODE_SIGN_STYLE = Automatic;
				DEVELOPMENT_ASSET_PATHS = "\"Felipe's Cart/Preview Content\"";
				DEVELOPMENT_TEAM = 5D66GV6LYZ;
				ENABLE_PREVIEWS = YES;
				INFOPLIST_FILE = "Felipe's Cart/Info.plist";
				LD_RUNPATH_SEARCH_PATHS = (
					"$(inherited)",
					"@executable_path/Frameworks",
				);
				PRODUCT_BUNDLE_IDENTIFIER = "com.rockspoon.felipe.Felipe-s-Cart";
				PRODUCT_NAME = "$(TARGET_NAME)";
				SWIFT_VERSION = 5.0;
				TARGETED_DEVICE_FAMILY = "1,2";
			};
			name = Release;
		};
		0333EA0E256822AB00F83229 /* Debug */ = {
			isa = XCBuildConfiguration;
			buildSettings = {
				ALWAYS_EMBED_SWIFT_STANDARD_LIBRARIES = YES;
				BUNDLE_LOADER = "$(TEST_HOST)";
				CODE_SIGN_STYLE = Automatic;
				DEVELOPMENT_TEAM = 5D66GV6LYZ;
				INFOPLIST_FILE = "Felipe's CartTests/Info.plist";
				IPHONEOS_DEPLOYMENT_TARGET = 14.2;
				LD_RUNPATH_SEARCH_PATHS = (
					"$(inherited)",
					"@executable_path/Frameworks",
					"@loader_path/Frameworks",
				);
				PRODUCT_BUNDLE_IDENTIFIER = "com.rockspoon.felipe.Felipe-s-CartTests";
				PRODUCT_NAME = "$(TARGET_NAME)";
				SWIFT_VERSION = 5.0;
				TARGETED_DEVICE_FAMILY = "1,2";
				TEST_HOST = "$(BUILT_PRODUCTS_DIR)/Felipe's Cart.app/Felipe's Cart";
			};
			name = Debug;
		};
		0333EA0F256822AB00F83229 /* Release */ = {
			isa = XCBuildConfiguration;
			buildSettings = {
				ALWAYS_EMBED_SWIFT_STANDARD_LIBRARIES = YES;
				BUNDLE_LOADER = "$(TEST_HOST)";
				CODE_SIGN_STYLE = Automatic;
				DEVELOPMENT_TEAM = 5D66GV6LYZ;
				INFOPLIST_FILE = "Felipe's CartTests/Info.plist";
				IPHONEOS_DEPLOYMENT_TARGET = 14.2;
				LD_RUNPATH_SEARCH_PATHS = (
					"$(inherited)",
					"@executable_path/Frameworks",
					"@loader_path/Frameworks",
				);
				PRODUCT_BUNDLE_IDENTIFIER = "com.rockspoon.felipe.Felipe-s-CartTests";
				PRODUCT_NAME = "$(TARGET_NAME)";
				SWIFT_VERSION = 5.0;
				TARGETED_DEVICE_FAMILY = "1,2";
				TEST_HOST = "$(BUILT_PRODUCTS_DIR)/Felipe's Cart.app/Felipe's Cart";
			};
			name = Release;
		};
		0333EA11256822AB00F83229 /* Debug */ = {
			isa = XCBuildConfiguration;
			buildSettings = {
				ALWAYS_EMBED_SWIFT_STANDARD_LIBRARIES = YES;
				CODE_SIGN_STYLE = Automatic;
				DEVELOPMENT_TEAM = 5D66GV6LYZ;
				INFOPLIST_FILE = "Felipe's CartUITests/Info.plist";
				LD_RUNPATH_SEARCH_PATHS = (
					"$(inherited)",
					"@executable_path/Frameworks",
					"@loader_path/Frameworks",
				);
				PRODUCT_BUNDLE_IDENTIFIER = "com.rockspoon.felipe.Felipe-s-CartUITests";
				PRODUCT_NAME = "$(TARGET_NAME)";
				SWIFT_VERSION = 5.0;
				TARGETED_DEVICE_FAMILY = "1,2";
				TEST_TARGET_NAME = "Felipe's Cart";
			};
			name = Debug;
		};
		0333EA12256822AB00F83229 /* Release */ = {
			isa = XCBuildConfiguration;
			buildSettings = {
				ALWAYS_EMBED_SWIFT_STANDARD_LIBRARIES = YES;
				CODE_SIGN_STYLE = Automatic;
				DEVELOPMENT_TEAM = 5D66GV6LYZ;
				INFOPLIST_FILE = "Felipe's CartUITests/Info.plist";
				LD_RUNPATH_SEARCH_PATHS = (
					"$(inherited)",
					"@executable_path/Frameworks",
					"@loader_path/Frameworks",
				);
				PRODUCT_BUNDLE_IDENTIFIER = "com.rockspoon.felipe.Felipe-s-CartUITests";
				PRODUCT_NAME = "$(TARGET_NAME)";
				SWIFT_VERSION = 5.0;
				TARGETED_DEVICE_FAMILY = "1,2";
				TEST_TARGET_NAME = "Felipe's Cart";
			};
			name = Release;
		};
/* End XCBuildConfiguration section */

/* Begin XCConfigurationList section */
		0333E9DB256822A900F83229 /* Build configuration list for PBXProject "Felipe's Cart" */ = {
			isa = XCConfigurationList;
			buildConfigurations = (
				0333EA08256822AB00F83229 /* Debug */,
				0333EA09256822AB00F83229 /* Release */,
			);
			defaultConfigurationIsVisible = 0;
			defaultConfigurationName = Release;
		};
		0333EA0A256822AB00F83229 /* Build configuration list for PBXNativeTarget "Felipe's Cart" */ = {
			isa = XCConfigurationList;
			buildConfigurations = (
				0333EA0B256822AB00F83229 /* Debug */,
				0333EA0C256822AB00F83229 /* Release */,
			);
			defaultConfigurationIsVisible = 0;
			defaultConfigurationName = Release;
		};
		0333EA0D256822AB00F83229 /* Build configuration list for PBXNativeTarget "Felipe's CartTests" */ = {
			isa = XCConfigurationList;
			buildConfigurations = (
				0333EA0E256822AB00F83229 /* Debug */,
				0333EA0F256822AB00F83229 /* Release */,
			);
			defaultConfigurationIsVisible = 0;
			defaultConfigurationName = Release;
		};
		0333EA10256822AB00F83229 /* Build configuration list for PBXNativeTarget "Felipe's CartUITests" */ = {
			isa = XCConfigurationList;
			buildConfigurations = (
				0333EA11256822AB00F83229 /* Debug */,
				0333EA12256822AB00F83229 /* Release */,
			);
			defaultConfigurationIsVisible = 0;
			defaultConfigurationName = Release;
		};
/* End XCConfigurationList section */

/* Begin XCRemoteSwiftPackageReference section */
		0341B5D8256825AB00B50558 /* XCRemoteSwiftPackageReference "Moya" */ = {
			isa = XCRemoteSwiftPackageReference;
			repositoryURL = "https://github.com/Moya/Moya";
			requirement = {
				branch = master;
				kind = branch;
			};
		};
/* End XCRemoteSwiftPackageReference section */

/* Begin XCSwiftPackageProductDependency section */
		0341B5D9256825AB00B50558 /* Moya */ = {
			isa = XCSwiftPackageProductDependency;
			package = 0341B5D8256825AB00B50558 /* XCRemoteSwiftPackageReference "Moya" */;
			productName = Moya;
		};
		0341B5DB256825AB00B50558 /* ReactiveMoya */ = {
			isa = XCSwiftPackageProductDependency;
			package = 0341B5D8256825AB00B50558 /* XCRemoteSwiftPackageReference "Moya" */;
			productName = ReactiveMoya;
		};
		0341B5DD256825AB00B50558 /* RxMoya */ = {
			isa = XCSwiftPackageProductDependency;
			package = 0341B5D8256825AB00B50558 /* XCRemoteSwiftPackageReference "Moya" */;
			productName = RxMoya;
		};
/* End XCSwiftPackageProductDependency section */
	};
	rootObject = 0333E9D8256822A900F83229 /* Project object */;
}
